
Microsoft Visual Studio Solution File, Format Version 12.00
# Visual Studio Version 16
VisualStudioVersion = 16.0.30907.101
MinimumVisualStudioVersion = 10.0.40219.1
Project("{9A19103F-16F7-4668-BE54-9A1E7A4F7556}") = "Iris.DomainClasses", "src\Iris.DomainClasses\Iris.DomainClasses.csproj", "{DD99CB46-D19F-47AF-BD53-25EFBD2F5710}"
EndProject
Project("{9A19103F-16F7-4668-BE54-9A1E7A4F7556}") = "Iris.Datalayer", "src\Iris.Datalayer\Iris.Datalayer.csproj", "{90FDF8AB-DB6A-4CA8-8520-C8C0801C0797}"
EndProject
Project("{9A19103F-16F7-4668-BE54-9A1E7A4F7556}") = "Iris.Model", "src\Iris.Model\Iris.Model.csproj", "{71FB65E4-74BA-4526-8C27-B61CB3CDD3E5}"
EndProject
Project("{9A19103F-16F7-4668-BE54-9A1E7A4F7556}") = "Iris.Utilities", "src\Iris.Utilities\Iris.Utilities.csproj", "{70CDCF82-58A3-4AEE-AA54-48CE09404226}"
EndProject
Project("{9A19103F-16F7-4668-BE54-9A1E7A4F7556}") = "Iris.Servicelayer", "src\Iris.Servicelayer\Iris.Servicelayer.csproj", "{67B1E6F9-43DD-4519-9560-519570612184}"
EndProject
Project("{FAE04EC0-301F-11D3-BF4B-00C04F79EFBC}") = "Iris.Web", "src\Iris.Web\Iris.Web.csproj", "{4D3F39CF-FA48-400D-A66A-D7D4CF5D8DE4}"
EndProject
Global
	GlobalSection(SolutionConfigurationPlatforms) = preSolution
		Debug|Any CPU = Debug|Any CPU
		Release|Any CPU = Release|Any CPU
	EndGlobalSection
	GlobalSection(ProjectConfigurationPlatforms) = postSolution
		{DD99CB46-D19F-47AF-BD53-25EFBD2F5710}.Debug|Any CPU.ActiveCfg = Debug|Any CPU
		{DD99CB46-D19F-47AF-BD53-25EFBD2F5710}.Debug|Any CPU.Build.0 = Debug|Any CPU
		{DD99CB46-D19F-47AF-BD53-25EFBD2F5710}.Release|Any CPU.ActiveCfg = Release|Any CPU
		{DD99CB46-D19F-47AF-BD53-25EFBD2F5710}.Release|Any CPU.Build.0 = Release|Any CPU
		{90FDF8AB-DB6A-4CA8-8520-C8C0801C0797}.Debug|Any CPU.ActiveCfg = Debug|Any CPU
		{90FDF8AB-DB6A-4CA8-8520-C8C0801C0797}.Debug|Any CPU.Build.0 = Debug|Any CPU
		{90FDF8AB-DB6A-4CA8-8520-C8C0801C0797}.Release|Any CPU.ActiveCfg = Release|Any CPU
		{90FDF8AB-DB6A-4CA8-8520-C8C0801C0797}.Release|Any CPU.Build.0 = Release|Any CPU
		{71FB65E4-74BA-4526-8C27-B61CB3CDD3E5}.Debug|Any CPU.ActiveCfg = Debug|Any CPU
		{71FB65E4-74BA-4526-8C27-B61CB3CDD3E5}.Debug|Any CPU.Build.0 = Debug|Any CPU
		{71FB65E4-74BA-4526-8C27-B61CB3CDD3E5}.Release|Any CPU.ActiveCfg = Release|Any CPU
		{71FB65E4-74BA-4526-8C27-B61CB3CDD3E5}.Release|Any CPU.Build.0 = Release|Any CPU
		{70CDCF82-58A3-4AEE-AA54-48CE09404226}.Debug|Any CPU.ActiveCfg = Debug|Any CPU
		{70CDCF82-58A3-4AEE-AA54-48CE09404226}.Debug|Any CPU.Build.0 = Debug|Any CPU
		{70CDCF82-58A3-4AEE-AA54-48CE09404226}.Release|Any CPU.ActiveCfg = Release|Any CPU
		{70CDCF82-58A3-4AEE-AA54-48CE09404226}.Release|Any CPU.Build.0 = Release|Any CPU
		{67B1E6F9-43DD-4519-9560-519570612184}.Debug|Any CPU.ActiveCfg = Debug|Any CPU
		{67B1E6F9-43DD-4519-9560-519570612184}.Debug|Any CPU.Build.0 = Debug|Any CPU
		{67B1E6F9-43DD-4519-9560-519570612184}.Release|Any CPU.ActiveCfg = Release|Any CPU
		{67B1E6F9-43DD-4519-9560-519570612184}.Release|Any CPU.Build.0 = Release|Any CPU
		{4D3F39CF-FA48-400D-A66A-D7D4CF5D8DE4}.Debug|Any CPU.ActiveCfg = Debug|Any CPU
		{4D3F39CF-FA48-400D-A66A-D7D4CF5D8DE4}.Debug|Any CPU.Build.0 = Debug|Any CPU
		{4D3F39CF-FA48-400D-A66A-D7D4CF5D8DE4}.Release|Any CPU.ActiveCfg = Release|Any CPU
		{4D3F39CF-FA48-400D-A66A-D7D4CF5D8DE4}.Release|Any CPU.Build.0 = Release|Any CPU
	EndGlobalSection
	GlobalSection(SolutionProperties) = preSolution
		HideSolutionNode = FALSE
	EndGlobalSection
	GlobalSection(ExtensibilityGlobals) = postSolution
		SolutionGuid = {89E7F8C2-29C4-47B7-94A2-E9D0DE4BA61C}
	EndGlobalSection
EndGlobal
